
Microsoft Visual Studio Solution File, Format Version 12.00
# Visual Studio 15
VisualStudioVersion = 15.0.28307.106
MinimumVisualStudioVersion = 10.0.40219.1
Project("{FAE04EC0-301F-11D3-BF4B-00C04F79EFBC}") = "QueensPuzzle", "QueensPuzzle\QueensPuzzle.csproj", "{F4AF412B-CD78-41FC-8171-84529AB3A1CB}"
EndProject
Global
	GlobalSection(SolutionConfigurationPlatforms) = preSolution
		Debug|Any CPU = Debug|Any CPU
		Release|Any CPU = Release|Any CPU
	EndGlobalSection
	GlobalSection(ProjectConfigurationPlatforms) = postSolution
		{F4AF412B-CD78-41FC-8171-84529AB3A1CB}.Debug|Any CPU.ActiveCfg = Debug|Any CPU
		{F4AF412B-CD78-41FC-8171-84529AB3A1CB}.Debug|Any CPU.Build.0 = Debug|Any CPU
		{F4AF412B-CD78-41FC-8171-84529AB3A1CB}.Release|Any CPU.ActiveCfg = Release|Any CPU
		{F4AF412B-CD78-41FC-8171-84529AB3A1CB}.Release|Any CPU.Build.0 = Release|Any CPU
	EndGlobalSection
	GlobalSection(SolutionProperties) = preSolution
		HideSolutionNode = FALSE
	EndGlobalSection
	GlobalSection(ExtensibilityGlobals) = postSolution
		SolutionGuid = {8794895E-19B4-4C60-B01A-C3B09ACA7D8F}
	EndGlobalSection
EndGlobal
